// !$*UTF8*$!
{
	archiveVersion = 1;
	classes = {
	};
	objectVersion = 55;
	objects = {

/* Begin PBXBuildFile section */
		F666D314273DC2D1002599D9 /* TU_Berlin.xcdatamodeld in Sources */ = {isa = PBXBuildFile; fileRef = F666D301273DC2D0002599D9 /* TU_Berlin.xcdatamodeld */; };
		F666D315273DC2D1002599D9 /* TU_Berlin.xcdatamodeld in Sources */ = {isa = PBXBuildFile; fileRef = F666D301273DC2D0002599D9 /* TU_Berlin.xcdatamodeld */; };
		F666D316273DC2D1002599D9 /* TU_BerlinApp.swift in Sources */ = {isa = PBXBuildFile; fileRef = F666D303273DC2D0002599D9 /* TU_BerlinApp.swift */; };
		F666D317273DC2D1002599D9 /* TU_BerlinApp.swift in Sources */ = {isa = PBXBuildFile; fileRef = F666D303273DC2D0002599D9 /* TU_BerlinApp.swift */; };
		F666D318273DC2D1002599D9 /* ContentView.swift in Sources */ = {isa = PBXBuildFile; fileRef = F666D304273DC2D0002599D9 /* ContentView.swift */; };
		F666D319273DC2D1002599D9 /* ContentView.swift in Sources */ = {isa = PBXBuildFile; fileRef = F666D304273DC2D0002599D9 /* ContentView.swift */; };
		F666D31A273DC2D1002599D9 /* Persistence.swift in Sources */ = {isa = PBXBuildFile; fileRef = F666D305273DC2D0002599D9 /* Persistence.swift */; };
		F666D31B273DC2D1002599D9 /* Persistence.swift in Sources */ = {isa = PBXBuildFile; fileRef = F666D305273DC2D0002599D9 /* Persistence.swift */; };
		F666D31C273DC2D1002599D9 /* Assets.xcassets in Resources */ = {isa = PBXBuildFile; fileRef = F666D306273DC2D1002599D9 /* Assets.xcassets */; };
		F666D31D273DC2D1002599D9 /* Assets.xcassets in Resources */ = {isa = PBXBuildFile; fileRef = F666D306273DC2D1002599D9 /* Assets.xcassets */; };
		F666D329273DC3BE002599D9 /* Tabs.swift in Sources */ = {isa = PBXBuildFile; fileRef = F666D328273DC3BE002599D9 /* Tabs.swift */; };
		F666D32B273DC910002599D9 /* ViewRouter.swift in Sources */ = {isa = PBXBuildFile; fileRef = F666D32A273DC910002599D9 /* ViewRouter.swift */; };
		F666D32D273DCC1F002599D9 /* Home.swift in Sources */ = {isa = PBXBuildFile; fileRef = F666D32C273DCC1F002599D9 /* Home.swift */; };
		F666D32F273DCC31002599D9 /* Settings.swift in Sources */ = {isa = PBXBuildFile; fileRef = F666D32E273DCC31002599D9 /* Settings.swift */; };
		F666D331273DD00A002599D9 /* Homework.swift in Sources */ = {isa = PBXBuildFile; fileRef = F666D330273DD00A002599D9 /* Homework.swift */; };
		F666D333273DD010002599D9 /* Exams.swift in Sources */ = {isa = PBXBuildFile; fileRef = F666D332273DD010002599D9 /* Exams.swift */; };
		F666D335273DD0E2002599D9 /* Timer.swift in Sources */ = {isa = PBXBuildFile; fileRef = F666D334273DD0E2002599D9 /* Timer.swift */; };
/* End PBXBuildFile section */

/* Begin PBXFileReference section */
		F666D302273DC2D0002599D9 /* Shared.xcdatamodel */ = {isa = PBXFileReference; lastKnownFileType = wrapper.xcdatamodel; path = Shared.xcdatamodel; sourceTree = "<group>"; };
		F666D303273DC2D0002599D9 /* TU_BerlinApp.swift */ = {isa = PBXFileReference; lastKnownFileType = sourcecode.swift; path = TU_BerlinApp.swift; sourceTree = "<group>"; };
		F666D304273DC2D0002599D9 /* ContentView.swift */ = {isa = PBXFileReference; lastKnownFileType = sourcecode.swift; path = ContentView.swift; sourceTree = "<group>"; };
		F666D305273DC2D0002599D9 /* Persistence.swift */ = {isa = PBXFileReference; lastKnownFileType = sourcecode.swift; path = Persistence.swift; sourceTree = "<group>"; };
		F666D306273DC2D1002599D9 /* Assets.xcassets */ = {isa = PBXFileReference; lastKnownFileType = folder.assetcatalog; path = Assets.xcassets; sourceTree = "<group>"; };
		F666D30B273DC2D1002599D9 /* TU Berlin.app */ = {isa = PBXFileReference; explicitFileType = wrapper.application; includeInIndex = 0; path = "TU Berlin.app"; sourceTree = BUILT_PRODUCTS_DIR; };
		F666D311273DC2D1002599D9 /* TU Berlin.app */ = {isa = PBXFileReference; explicitFileType = wrapper.application; includeInIndex = 0; path = "TU Berlin.app"; sourceTree = BUILT_PRODUCTS_DIR; };
		F666D313273DC2D1002599D9 /* macOS.entitlements */ = {isa = PBXFileReference; lastKnownFileType = text.plist.entitlements; path = macOS.entitlements; sourceTree = "<group>"; };
		F666D328273DC3BE002599D9 /* Tabs.swift */ = {isa = PBXFileReference; lastKnownFileType = sourcecode.swift; path = Tabs.swift; sourceTree = "<group>"; };
		F666D32A273DC910002599D9 /* ViewRouter.swift */ = {isa = PBXFileReference; lastKnownFileType = sourcecode.swift; path = ViewRouter.swift; sourceTree = "<group>"; };
		F666D32C273DCC1F002599D9 /* Home.swift */ = {isa = PBXFileReference; lastKnownFileType = sourcecode.swift; path = Home.swift; sourceTree = "<group>"; };
		F666D32E273DCC31002599D9 /* Settings.swift */ = {isa = PBXFileReference; lastKnownFileType = sourcecode.swift; path = Settings.swift; sourceTree = "<group>"; };
		F666D330273DD00A002599D9 /* Homework.swift */ = {isa = PBXFileReference; lastKnownFileType = sourcecode.swift; path = Homework.swift; sourceTree = "<group>"; };
		F666D332273DD010002599D9 /* Exams.swift */ = {isa = PBXFileReference; lastKnownFileType = sourcecode.swift; path = Exams.swift; sourceTree = "<group>"; };
		F666D334273DD0E2002599D9 /* Timer.swift */ = {isa = PBXFileReference; lastKnownFileType = sourcecode.swift; path = Timer.swift; sourceTree = "<group>"; };
/* End PBXFileReference section */

/* Begin PBXFrameworksBuildPhase section */
		F666D308273DC2D1002599D9 /* Frameworks */ = {
			isa = PBXFrameworksBuildPhase;
			buildActionMask = 2147483647;
			files = (
			);
			runOnlyForDeploymentPostprocessing = 0;
		};
		F666D30E273DC2D1002599D9 /* Frameworks */ = {
			isa = PBXFrameworksBuildPhase;
			buildActionMask = 2147483647;
			files = (
			);
			runOnlyForDeploymentPostprocessing = 0;
		};
/* End PBXFrameworksBuildPhase section */

/* Begin PBXGroup section */
		F666D2FB273DC2D0002599D9 = {
			isa = PBXGroup;
			children = (
				F666D32A273DC910002599D9 /* ViewRouter.swift */,
				F666D300273DC2D0002599D9 /* Shared */,
				F666D312273DC2D1002599D9 /* macOS */,
				F666D30C273DC2D1002599D9 /* Products */,
			);
			sourceTree = "<group>";
		};
		F666D300273DC2D0002599D9 /* Shared */ = {
			isa = PBXGroup;
			children = (
				F666D303273DC2D0002599D9 /* TU_BerlinApp.swift */,
				F666D304273DC2D0002599D9 /* ContentView.swift */,
				F666D328273DC3BE002599D9 /* Tabs.swift */,
				F666D32C273DCC1F002599D9 /* Home.swift */,
				F666D330273DD00A002599D9 /* Homework.swift */,
				F666D332273DD010002599D9 /* Exams.swift */,
				F666D334273DD0E2002599D9 /* Timer.swift */,
				F666D32E273DCC31002599D9 /* Settings.swift */,
				F666D305273DC2D0002599D9 /* Persistence.swift */,
				F666D306273DC2D1002599D9 /* Assets.xcassets */,
				F666D301273DC2D0002599D9 /* TU_Berlin.xcdatamodeld */,
			);
			path = Shared;
			sourceTree = "<group>";
		};
		F666D30C273DC2D1002599D9 /* Products */ = {
			isa = PBXGroup;
			children = (
				F666D30B273DC2D1002599D9 /* TU Berlin.app */,
				F666D311273DC2D1002599D9 /* TU Berlin.app */,
			);
			name = Products;
			sourceTree = "<group>";
		};
		F666D312273DC2D1002599D9 /* macOS */ = {
			isa = PBXGroup;
			children = (
				F666D313273DC2D1002599D9 /* macOS.entitlements */,
			);
			path = macOS;
			sourceTree = "<group>";
		};
/* End PBXGroup section */

/* Begin PBXNativeTarget section */
		F666D30A273DC2D1002599D9 /* TU Berlin (iOS) */ = {
			isa = PBXNativeTarget;
			buildConfigurationList = F666D320273DC2D1002599D9 /* Build configuration list for PBXNativeTarget "TU Berlin (iOS)" */;
			buildPhases = (
				F666D307273DC2D1002599D9 /* Sources */,
				F666D308273DC2D1002599D9 /* Frameworks */,
				F666D309273DC2D1002599D9 /* Resources */,
			);
			buildRules = (
			);
			dependencies = (
			);
			name = "TU Berlin (iOS)";
			productName = "TU Berlin (iOS)";
			productReference = F666D30B273DC2D1002599D9 /* TU Berlin.app */;
			productType = "com.apple.product-type.application";
		};
		F666D310273DC2D1002599D9 /* TU Berlin (macOS) */ = {
			isa = PBXNativeTarget;
			buildConfigurationList = F666D323273DC2D1002599D9 /* Build configuration list for PBXNativeTarget "TU Berlin (macOS)" */;
			buildPhases = (
				F666D30D273DC2D1002599D9 /* Sources */,
				F666D30E273DC2D1002599D9 /* Frameworks */,
				F666D30F273DC2D1002599D9 /* Resources */,
			);
			buildRules = (
			);
			dependencies = (
			);
			name = "TU Berlin (macOS)";
			productName = "TU Berlin (macOS)";
			productReference = F666D311273DC2D1002599D9 /* TU Berlin.app */;
			productType = "com.apple.product-type.application";
		};
/* End PBXNativeTarget section */

/* Begin PBXProject section */
		F666D2FC273DC2D0002599D9 /* Project object */ = {
			isa = PBXProject;
			attributes = {
				BuildIndependentTargetsInParallel = 1;
				LastSwiftUpdateCheck = 1300;
				LastUpgradeCheck = 1300;
				TargetAttributes = {
					F666D30A273DC2D1002599D9 = {
						CreatedOnToolsVersion = 13.0;
					};
					F666D310273DC2D1002599D9 = {
						CreatedOnToolsVersion = 13.0;
					};
				};
			};
			buildConfigurationList = F666D2FF273DC2D0002599D9 /* Build configuration list for PBXProject "TU Berlin" */;
			compatibilityVersion = "Xcode 13.0";
			developmentRegion = en;
			hasScannedForEncodings = 0;
			knownRegions = (
				en,
				Base,
			);
			mainGroup = F666D2FB273DC2D0002599D9;
			productRefGroup = F666D30C273DC2D1002599D9 /* Products */;
			projectDirPath = "";
			projectRoot = "";
			targets = (
				F666D30A273DC2D1002599D9 /* TU Berlin (iOS) */,
				F666D310273DC2D1002599D9 /* TU Berlin (macOS) */,
			);
		};
/* End PBXProject section */

/* Begin PBXResourcesBuildPhase section */
		F666D309273DC2D1002599D9 /* Resources */ = {
			isa = PBXResourcesBuildPhase;
			buildActionMask = 2147483647;
			files = (
				F666D31C273DC2D1002599D9 /* Assets.xcassets in Resources */,
			);
			runOnlyForDeploymentPostprocessing = 0;
		};
		F666D30F273DC2D1002599D9 /* Resources */ = {
			isa = PBXResourcesBuildPhase;
			buildActionMask = 2147483647;
			files = (
				F666D31D273DC2D1002599D9 /* Assets.xcassets in Resources */,
			);
			runOnlyForDeploymentPostprocessing = 0;
		};
/* End PBXResourcesBuildPhase section */

/* Begin PBXSourcesBuildPhase section */
		F666D307273DC2D1002599D9 /* Sources */ = {
			isa = PBXSourcesBuildPhase;
			buildActionMask = 2147483647;
			files = (
				F666D316273DC2D1002599D9 /* TU_BerlinApp.swift in Sources */,
				F666D31A273DC2D1002599D9 /* Persistence.swift in Sources */,
				F666D333273DD010002599D9 /* Exams.swift in Sources */,
				F666D331273DD00A002599D9 /* Homework.swift in Sources */,
				F666D32F273DCC31002599D9 /* Settings.swift in Sources */,
				F666D314273DC2D1002599D9 /* TU_Berlin.xcdatamodeld in Sources */,
				F666D32B273DC910002599D9 /* ViewRouter.swift in Sources */,
				F666D329273DC3BE002599D9 /* Tabs.swift in Sources */,
				F666D318273DC2D1002599D9 /* ContentView.swift in Sources */,
				F666D335273DD0E2002599D9 /* Timer.swift in Sources */,
				F666D32D273DCC1F002599D9 /* Home.swift in Sources */,
			);
			runOnlyForDeploymentPostprocessing = 0;
		};
		F666D30D273DC2D1002599D9 /* Sources */ = {
			isa = PBXSourcesBuildPhase;
			buildActionMask = 2147483647;
			files = (
				F666D317273DC2D1002599D9 /* TU_BerlinApp.swift in Sources */,
				F666D31B273DC2D1002599D9 /* Persistence.swift in Sources */,
				F666D315273DC2D1002599D9 /* TU_Berlin.xcdatamodeld in Sources */,
				F666D319273DC2D1002599D9 /* ContentView.swift in Sources */,
			);
			runOnlyForDeploymentPostprocessing = 0;
		};
/* End PBXSourcesBuildPhase section */

/* Begin XCBuildConfiguration section */
		F666D31E273DC2D1002599D9 /* Debug */ = {
			isa = XCBuildConfiguration;
			buildSettings = {
				ALWAYS_SEARCH_USER_PATHS = NO;
				CLANG_ANALYZER_NONNULL = YES;
				CLANG_ANALYZER_NUMBER_OBJECT_CONVERSION = YES_AGGRESSIVE;
				CLANG_CXX_LANGUAGE_STANDARD = "gnu++17";
				CLANG_CXX_LIBRARY = "libc++";
				CLANG_ENABLE_MODULES = YES;
				CLANG_ENABLE_OBJC_ARC = YES;
				CLANG_ENABLE_OBJC_WEAK = YES;
				CLANG_WARN_BLOCK_CAPTURE_AUTORELEASING = YES;
				CLANG_WARN_BOOL_CONVERSION = YES;
				CLANG_WARN_COMMA = YES;
				CLANG_WARN_CONSTANT_CONVERSION = YES;
				CLANG_WARN_DEPRECATED_OBJC_IMPLEMENTATIONS = YES;
				CLANG_WARN_DIRECT_OBJC_ISA_USAGE = YES_ERROR;
				CLANG_WARN_DOCUMENTATION_COMMENTS = YES;
				CLANG_WARN_EMPTY_BODY = YES;
				CLANG_WARN_ENUM_CONVERSION = YES;
				CLANG_WARN_INFINITE_RECURSION = YES;
				CLANG_WARN_INT_CONVERSION = YES;
				CLANG_WARN_NON_LITERAL_NULL_CONVERSION = YES;
				CLANG_WARN_OBJC_IMPLICIT_RETAIN_SELF = YES;
				CLANG_WARN_OBJC_LITERAL_CONVERSION = YES;
				CLANG_WARN_OBJC_ROOT_CLASS = YES_ERROR;
				CLANG_WARN_QUOTED_INCLUDE_IN_FRAMEWORK_HEADER = YES;
				CLANG_WARN_RANGE_LOOP_ANALYSIS = YES;
				CLANG_WARN_STRICT_PROTOTYPES = YES;
				CLANG_WARN_SUSPICIOUS_MOVE = YES;
				CLANG_WARN_UNGUARDED_AVAILABILITY = YES_AGGRESSIVE;
				CLANG_WARN_UNREACHABLE_CODE = YES;
				CLANG_WARN__DUPLICATE_METHOD_MATCH = YES;
				COPY_PHASE_STRIP = NO;
				DEBUG_INFORMATION_FORMAT = dwarf;
				ENABLE_STRICT_OBJC_MSGSEND = YES;
				ENABLE_TESTABILITY = YES;
				GCC_C_LANGUAGE_STANDARD = gnu11;
				GCC_DYNAMIC_NO_PIC = NO;
				GCC_NO_COMMON_BLOCKS = YES;
				GCC_OPTIMIZATION_LEVEL = 0;
				GCC_PREPROCESSOR_DEFINITIONS = (
					"DEBUG=1",
					"$(inherited)",
				);
				GCC_WARN_64_TO_32_BIT_CONVERSION = YES;
				GCC_WARN_ABOUT_RETURN_TYPE = YES_ERROR;
				GCC_WARN_UNDECLARED_SELECTOR = YES;
				GCC_WARN_UNINITIALIZED_AUTOS = YES_AGGRESSIVE;
				GCC_WARN_UNUSED_FUNCTION = YES;
				GCC_WARN_UNUSED_VARIABLE = YES;
				MTL_ENABLE_DEBUG_INFO = INCLUDE_SOURCE;
				MTL_FAST_MATH = YES;
				ONLY_ACTIVE_ARCH = YES;
				SWIFT_ACTIVE_COMPILATION_CONDITIONS = DEBUG;
				SWIFT_OPTIMIZATION_LEVEL = "-Onone";
			};
			name = Debug;
		};
		F666D31F273DC2D1002599D9 /* Release */ = {
			isa = XCBuildConfiguration;
			buildSettings = {
				ALWAYS_SEARCH_USER_PATHS = NO;
				CLANG_ANALYZER_NONNULL = YES;
				CLANG_ANALYZER_NUMBER_OBJECT_CONVERSION = YES_AGGRESSIVE;
				CLANG_CXX_LANGUAGE_STANDARD = "gnu++17";
				CLANG_CXX_LIBRARY = "libc++";
				CLANG_ENABLE_MODULES = YES;
				CLANG_ENABLE_OBJC_ARC = YES;
				CLANG_ENABLE_OBJC_WEAK = YES;
				CLANG_WARN_BLOCK_CAPTURE_AUTORELEASING = YES;
				CLANG_WARN_BOOL_CONVERSION = YES;
				CLANG_WARN_COMMA = YES;
				CLANG_WARN_CONSTANT_CONVERSION = YES;
				CLANG_WARN_DEPRECATED_OBJC_IMPLEMENTATIONS = YES;
				CLANG_WARN_DIRECT_OBJC_ISA_USAGE = YES_ERROR;
				CLANG_WARN_DOCUMENTATION_COMMENTS = YES;
				CLANG_WARN_EMPTY_BODY = YES;
				CLANG_WARN_ENUM_CONVERSION = YES;
				CLANG_WARN_INFINITE_RECURSION = YES;
				CLANG_WARN_INT_CONVERSION = YES;
				CLANG_WARN_NON_LITERAL_NULL_CONVERSION = YES;
				CLANG_WARN_OBJC_IMPLICIT_RETAIN_SELF = YES;
				CLANG_WARN_OBJC_LITERAL_CONVERSION = YES;
				CLANG_WARN_OBJC_ROOT_CLASS = YES_ERROR;
				CLANG_WARN_QUOTED_INCLUDE_IN_FRAMEWORK_HEADER = YES;
				CLANG_WARN_RANGE_LOOP_ANALYSIS = YES;
				CLANG_WARN_STRICT_PROTOTYPES = YES;
				CLANG_WARN_SUSPICIOUS_MOVE = YES;
				CLANG_WARN_UNGUARDED_AVAILABILITY = YES_AGGRESSIVE;
				CLANG_WARN_UNREACHABLE_CODE = YES;
				CLANG_WARN__DUPLICATE_METHOD_MATCH = YES;
				COPY_PHASE_STRIP = NO;
				DEBUG_INFORMATION_FORMAT = "dwarf-with-dsym";
				ENABLE_NS_ASSERTIONS = NO;
				ENABLE_STRICT_OBJC_MSGSEND = YES;
				GCC_C_LANGUAGE_STANDARD = gnu11;
				GCC_NO_COMMON_BLOCKS = YES;
				GCC_WARN_64_TO_32_BIT_CONVERSION = YES;
				GCC_WARN_ABOUT_RETURN_TYPE = YES_ERROR;
				GCC_WARN_UNDECLARED_SELECTOR = YES;
				GCC_WARN_UNINITIALIZED_AUTOS = YES_AGGRESSIVE;
				GCC_WARN_UNUSED_FUNCTION = YES;
				GCC_WARN_UNUSED_VARIABLE = YES;
				MTL_ENABLE_DEBUG_INFO = NO;
				MTL_FAST_MATH = YES;
				SWIFT_COMPILATION_MODE = wholemodule;
				SWIFT_OPTIMIZATION_LEVEL = "-O";
			};
			name = Release;
		};
		F666D321273DC2D1002599D9 /* Debug */ = {
			isa = XCBuildConfiguration;
			buildSettings = {
				ASSETCATALOG_COMPILER_APPICON_NAME = AppIcon;
				ASSETCATALOG_COMPILER_GLOBAL_ACCENT_COLOR_NAME = AccentColor;
				CODE_SIGN_STYLE = Automatic;
				CURRENT_PROJECT_VERSION = 1;
				DEVELOPMENT_TEAM = 2Q47C6R257;
				ENABLE_PREVIEWS = YES;
				GENERATE_INFOPLIST_FILE = YES;
				INFOPLIST_KEY_UIApplicationSceneManifest_Generation = YES;
				INFOPLIST_KEY_UIApplicationSupportsIndirectInputEvents = YES;
				INFOPLIST_KEY_UILaunchScreen_Generation = YES;
				INFOPLIST_KEY_UISupportedInterfaceOrientations_iPad = "UIInterfaceOrientationPortrait UIInterfaceOrientationPortraitUpsideDown UIInterfaceOrientationLandscapeLeft UIInterfaceOrientationLandscapeRight";
				INFOPLIST_KEY_UISupportedInterfaceOrientations_iPhone = "UIInterfaceOrientationPortrait UIInterfaceOrientationLandscapeLeft UIInterfaceOrientationLandscapeRight";
				IPHONEOS_DEPLOYMENT_TARGET = 15.0;
				LD_RUNPATH_SEARCH_PATHS = (
					"$(inherited)",
					"@executable_path/Frameworks",
				);
				MARKETING_VERSION = 1.0;
				PRODUCT_BUNDLE_IDENTIFIER = "hkrieger.TU-Berlin";
				PRODUCT_NAME = "TU Berlin";
				SDKROOT = iphoneos;
				SWIFT_EMIT_LOC_STRINGS = YES;
				SWIFT_VERSION = 5.0;
				TARGETED_DEVICE_FAMILY = "1,2";
			};
			name = Debug;
		};
		F666D322273DC2D1002599D9 /* Release */ = {
			isa = XCBuildConfiguration;
			buildSettings = {
				ASSETCATALOG_COMPILER_APPICON_NAME = AppIcon;
				ASSETCATALOG_COMPILER_GLOBAL_ACCENT_COLOR_NAME = AccentColor;
				CODE_SIGN_STYLE = Automatic;
				CURRENT_PROJECT_VERSION = 1;
				DEVELOPMENT_TEAM = 2Q47C6R257;
				ENABLE_PREVIEWS = YES;
				GENERATE_INFOPLIST_FILE = YES;
				INFOPLIST_KEY_UIApplicationSceneManifest_Generation = YES;
				INFOPLIST_KEY_UIApplicationSupportsIndirectInputEvents = YES;
				INFOPLIST_KEY_UILaunchScreen_Generation = YES;
				INFOPLIST_KEY_UISupportedInterfaceOrientations_iPad = "UIInterfaceOrientationPortrait UIInterfaceOrientationPortraitUpsideDown UIInterfaceOrientationLandscapeLeft UIInterfaceOrientationLandscapeRight";
				INFOPLIST_KEY_UISupportedInterfaceOrientations_iPhone = "UIInterfaceOrientationPortrait UIInterfaceOrientationLandscapeLeft UIInterfaceOrientationLandscapeRight";
				IPHONEOS_DEPLOYMENT_TARGET = 15.0;
				LD_RUNPATH_SEARCH_PATHS = (
					"$(inherited)",
					"@executable_path/Frameworks",
				);
				MARKETING_VERSION = 1.0;
				PRODUCT_BUNDLE_IDENTIFIER = "hkrieger.TU-Berlin";
				PRODUCT_NAME = "TU Berlin";
				SDKROOT = iphoneos;
				SWIFT_EMIT_LOC_STRINGS = YES;
				SWIFT_VERSION = 5.0;
				TARGETED_DEVICE_FAMILY = "1,2";
				VALIDATE_PRODUCT = YES;
			};
			name = Release;
		};
		F666D324273DC2D1002599D9 /* Debug */ = {
			isa = XCBuildConfiguration;
			buildSettings = {
				ASSETCATALOG_COMPILER_APPICON_NAME = AppIcon;
				ASSETCATALOG_COMPILER_GLOBAL_ACCENT_COLOR_NAME = AccentColor;
				CODE_SIGN_ENTITLEMENTS = macOS/macOS.entitlements;
				CODE_SIGN_STYLE = Automatic;
				COMBINE_HIDPI_IMAGES = YES;
				CURRENT_PROJECT_VERSION = 1;
				DEVELOPMENT_TEAM = 2Q47C6R257;
				ENABLE_HARDENED_RUNTIME = YES;
				ENABLE_PREVIEWS = YES;
				GENERATE_INFOPLIST_FILE = YES;
				INFOPLIST_KEY_NSHumanReadableCopyright = "";
				LD_RUNPATH_SEARCH_PATHS = (
					"$(inherited)",
					"@executable_path/../Frameworks",
				);
				MACOSX_DEPLOYMENT_TARGET = 11.0;
				MARKETING_VERSION = 1.0;
				PRODUCT_BUNDLE_IDENTIFIER = "hkrieger.TU-Berlin";
				PRODUCT_NAME = "TU Berlin";
				SDKROOT = macosx;
				SWIFT_EMIT_LOC_STRINGS = YES;
				SWIFT_VERSION = 5.0;
			};
			name = Debug;
		};
		F666D325273DC2D1002599D9 /* Release */ = {
			isa = XCBuildConfiguration;
			buildSettings = {
				ASSETCATALOG_COMPILER_APPICON_NAME = AppIcon;
				ASSETCATALOG_COMPILER_GLOBAL_ACCENT_COLOR_NAME = AccentColor;
				CODE_SIGN_ENTITLEMENTS = macOS/macOS.entitlements;
				CODE_SIGN_STYLE = Automatic;
				COMBINE_HIDPI_IMAGES = YES;
				CURRENT_PROJECT_VERSION = 1;
				DEVELOPMENT_TEAM = 2Q47C6R257;
				ENABLE_HARDENED_RUNTIME = YES;
				ENABLE_PREVIEWS = YES;
				GENERATE_INFOPLIST_FILE = YES;
				INFOPLIST_KEY_NSHumanReadableCopyright = "";
				LD_RUNPATH_SEARCH_PATHS = (
					"$(inherited)",
					"@executable_path/../Frameworks",
				);
				MACOSX_DEPLOYMENT_TARGET = 11.0;
				MARKETING_VERSION = 1.0;
				PRODUCT_BUNDLE_IDENTIFIER = "hkrieger.TU-Berlin";
				PRODUCT_NAME = "TU Berlin";
				SDKROOT = macosx;
				SWIFT_EMIT_LOC_STRINGS = YES;
				SWIFT_VERSION = 5.0;
			};
			name = Release;
		};
/* End XCBuildConfiguration section */

/* Begin XCConfigurationList section */
		F666D2FF273DC2D0002599D9 /* Build configuration list for PBXProject "TU Berlin" */ = {
			isa = XCConfigurationList;
			buildConfigurations = (
				F666D31E273DC2D1002599D9 /* Debug */,
				F666D31F273DC2D1002599D9 /* Release */,
			);
			defaultConfigurationIsVisible = 0;
			defaultConfigurationName = Release;
		};
		F666D320273DC2D1002599D9 /* Build configuration list for PBXNativeTarget "TU Berlin (iOS)" */ = {
			isa = XCConfigurationList;
			buildConfigurations = (
				F666D321273DC2D1002599D9 /* Debug */,
				F666D322273DC2D1002599D9 /* Release */,
			);
			defaultConfigurationIsVisible = 0;
			defaultConfigurationName = Release;
		};
		F666D323273DC2D1002599D9 /* Build configuration list for PBXNativeTarget "TU Berlin (macOS)" */ = {
			isa = XCConfigurationList;
			buildConfigurations = (
				F666D324273DC2D1002599D9 /* Debug */,
				F666D325273DC2D1002599D9 /* Release */,
			);
			defaultConfigurationIsVisible = 0;
			defaultConfigurationName = Release;
		};
/* End XCConfigurationList section */

/* Begin XCVersionGroup section */
		F666D301273DC2D0002599D9 /* TU_Berlin.xcdatamodeld */ = {
			isa = XCVersionGroup;
			children = (
				F666D302273DC2D0002599D9 /* Shared.xcdatamodel */,
			);
			currentVersion = F666D302273DC2D0002599D9 /* Shared.xcdatamodel */;
			path = TU_Berlin.xcdatamodeld;
			sourceTree = "<group>";
			versionGroupType = wrapper.xcdatamodel;
		};
/* End XCVersionGroup section */
	};
	rootObject = F666D2FC273DC2D0002599D9 /* Project object */;
}
